
Microsoft Visual Studio Solution File, Format Version 12.00
# Visual Studio 15
VisualStudioVersion = 15.0.27004.2009
MinimumVisualStudioVersion = 10.0.40219.1
Project("{9A19103F-16F7-4668-BE54-9A1E7A4F7556}") = "CatalogApi", "CatalogApi\CatalogApi.csproj", "{2F279AC9-F966-4B46-8B0F-E418573079E8}"
EndProject
Project("{E53339B2-1760-4266-BCC7-CA923CBCF16C}") = "docker-compose", "docker-compose.dcproj", "{D9061FF6-85FD-45DA-A3DA-F98F3AB794C0}"
EndProject
Project("{9A19103F-16F7-4668-BE54-9A1E7A4F7556}") = "CatalogApi.Tests", "CatalogApi.Tests\CatalogApi.Tests.csproj", "{88544915-48A8-4F6F-9D5C-99A28947EB46}"
EndProject
Global
	GlobalSection(SolutionConfigurationPlatforms) = preSolution
		Debug|Any CPU = Debug|Any CPU
		Release|Any CPU = Release|Any CPU
	EndGlobalSection
	GlobalSection(ProjectConfigurationPlatforms) = postSolution
		{2F279AC9-F966-4B46-8B0F-E418573079E8}.Debug|Any CPU.ActiveCfg = Debug|Any CPU
		{2F279AC9-F966-4B46-8B0F-E418573079E8}.Debug|Any CPU.Build.0 = Debug|Any CPU
		{2F279AC9-F966-4B46-8B0F-E418573079E8}.Release|Any CPU.ActiveCfg = Release|Any CPU
		{2F279AC9-F966-4B46-8B0F-E418573079E8}.Release|Any CPU.Build.0 = Release|Any CPU
		{D9061FF6-85FD-45DA-A3DA-F98F3AB794C0}.Debug|Any CPU.ActiveCfg = Debug|Any CPU
		{D9061FF6-85FD-45DA-A3DA-F98F3AB794C0}.Debug|Any CPU.Build.0 = Debug|Any CPU
		{D9061FF6-85FD-45DA-A3DA-F98F3AB794C0}.Release|Any CPU.ActiveCfg = Release|Any CPU
		{D9061FF6-85FD-45DA-A3DA-F98F3AB794C0}.Release|Any CPU.Build.0 = Release|Any CPU
		{88544915-48A8-4F6F-9D5C-99A28947EB46}.Debug|Any CPU.ActiveCfg = Debug|Any CPU
		{88544915-48A8-4F6F-9D5C-99A28947EB46}.Debug|Any CPU.Build.0 = Debug|Any CPU
		{88544915-48A8-4F6F-9D5C-99A28947EB46}.Release|Any CPU.ActiveCfg = Release|Any CPU
		{88544915-48A8-4F6F-9D5C-99A28947EB46}.Release|Any CPU.Build.0 = Release|Any CPU
	EndGlobalSection
	GlobalSection(SolutionProperties) = preSolution
		HideSolutionNode = FALSE
	EndGlobalSection
	GlobalSection(ExtensibilityGlobals) = postSolution
		SolutionGuid = {EC94CA4B-1686-42BA-8D1A-07327885088D}
	EndGlobalSection
EndGlobal
